
Microsoft Visual Studio Solution File, Format Version 12.00
# Visual Studio Version 16
VisualStudioVersion = 16.0.30621.155
MinimumVisualStudioVersion = 10.0.40219.1
Project("{FAE04EC0-301F-11D3-BF4B-00C04F79EFBC}") = "PingLog", "PingLog.csproj", "{8019564E-9845-4DC0-B5C8-85AF3224F709}"
EndProject
Global
	GlobalSection(SolutionConfigurationPlatforms) = preSolution
		Debug|Any CPU = Debug|Any CPU
		Release|Any CPU = Release|Any CPU
	EndGlobalSection
	GlobalSection(ProjectConfigurationPlatforms) = postSolution
		{8019564E-9845-4DC0-B5C8-85AF3224F709}.Debug|Any CPU.ActiveCfg = Debug|Any CPU
		{8019564E-9845-4DC0-B5C8-85AF3224F709}.Debug|Any CPU.Build.0 = Debug|Any CPU
		{8019564E-9845-4DC0-B5C8-85AF3224F709}.Release|Any CPU.ActiveCfg = Release|Any CPU
		{8019564E-9845-4DC0-B5C8-85AF3224F709}.Release|Any CPU.Build.0 = Release|Any CPU
	EndGlobalSection
	GlobalSection(SolutionProperties) = preSolution
		HideSolutionNode = FALSE
	EndGlobalSection
	GlobalSection(ExtensibilityGlobals) = postSolution
		SolutionGuid = {196F6582-9F0D-4926-875C-CA2DFA522CD1}
	EndGlobalSection
EndGlobal
